
Microsoft Visual Studio Solution File, Format Version 12.00
# Visual Studio Version 16
VisualStudioVersion = 16.0.30002.166
MinimumVisualStudioVersion = 10.0.40219.1
Project("{FAE04EC0-301F-11D3-BF4B-00C04F79EFBC}") = "observer_pattern", "observer_pattern.csproj", "{13388A6B-22CA-4E51-9045-A26EACA974D3}"
EndProject
Global
	GlobalSection(SolutionConfigurationPlatforms) = preSolution
		Debug|Any CPU = Debug|Any CPU
		Release|Any CPU = Release|Any CPU
	EndGlobalSection
	GlobalSection(ProjectConfigurationPlatforms) = postSolution
		{13388A6B-22CA-4E51-9045-A26EACA974D3}.Debug|Any CPU.ActiveCfg = Debug|Any CPU
		{13388A6B-22CA-4E51-9045-A26EACA974D3}.Debug|Any CPU.Build.0 = Debug|Any CPU
		{13388A6B-22CA-4E51-9045-A26EACA974D3}.Release|Any CPU.ActiveCfg = Release|Any CPU
		{13388A6B-22CA-4E51-9045-A26EACA974D3}.Release|Any CPU.Build.0 = Release|Any CPU
	EndGlobalSection
	GlobalSection(SolutionProperties) = preSolution
		HideSolutionNode = FALSE
	EndGlobalSection
	GlobalSection(ExtensibilityGlobals) = postSolution
		SolutionGuid = {0CADF2F3-FAA0-4C7E-91A2-F9DF020BCBD8}
	EndGlobalSection
EndGlobal
